
Microsoft Visual Studio Solution File, Format Version 12.00
# Visual Studio 14
VisualStudioVersion = 14.0.23107.0
MinimumVisualStudioVersion = 10.0.40219.1
Project("{8BC9CEB8-8B4A-11D0-8D11-00A0C91BC942}") = "Hello_Triangle", "Hello_Triangle\Hello_Triangle.vcxproj", "{1E5DF145-81CC-41D1-BCBB-E57FEAB9ED8F}"
EndProject
Project("{8BC9CEB8-8B4A-11D0-8D11-00A0C91BC942}") = "Example_6_3", "..\..\..\..\Chapter_6\Example_6_3\Example_6_3\Example_6_3.vcxproj", "{60544CD9-4151-4149-87C2-D15CEB354561}"
EndProject
Project("{8BC9CEB8-8B4A-11D0-8D11-00A0C91BC942}") = "Example_6_6", "..\..\..\..\Chapter_6\Example_6_6\Example_6_6\Example_6_6.vcxproj", "{A1B45E3F-2A65-4640-8462-B39C3DD70CEE}"
EndProject
Project("{8BC9CEB8-8B4A-11D0-8D11-00A0C91BC942}") = "MapBuffers", "..\..\..\..\Chapter_6\MapBuffers\MapBuffers\MapBuffers.vcxproj", "{B6388A01-293B-4238-9F74-754EAE957131}"
EndProject
Project("{8BC9CEB8-8B4A-11D0-8D11-00A0C91BC942}") = "VertexArrayObjects", "..\..\..\..\Chapter_6\VertexArrayObjects\VertexArrayObjects\VertexArrayObjects.vcxproj", "{69E5489B-EE15-4F5D-AF45-D71E5E751729}"
EndProject
Project("{8BC9CEB8-8B4A-11D0-8D11-00A0C91BC942}") = "Simple_TextureCubemap", "Simple_TextureCubemap\Simple_TextureCubemap.vcxproj", "{D02E78AB-E24B-4B86-935B-90482F4D3E32}"
EndProject
Project("{8BC9CEB8-8B4A-11D0-8D11-00A0C91BC942}") = "Simple_Texture2D", "Simple_Texture2D\Simple_Texture2D.vcxproj", "{7751B1FB-A60E-40D1-8104-049E5A81362A}"
EndProject
Project("{8BC9CEB8-8B4A-11D0-8D11-00A0C91BC942}") = "libpng", "Simple_TextureCubemap\lpng1621\lpng1621\projects\visualc71\libpng.vcxproj", "{4592F87B-2130-4F9F-801E-0AD2F9B184BA}"
EndProject
Project("{8BC9CEB8-8B4A-11D0-8D11-00A0C91BC942}") = "zlib", "Simple_TextureCubemap\lpng1621\lpng1621\projects\visualc71\zlib.vcxproj", "{66E52E89-9B7A-43DA-804C-1A738A6DE522}"
EndProject
Global
	GlobalSection(SolutionConfigurationPlatforms) = preSolution
		Debug|x64 = Debug|x64
		Debug|x86 = Debug|x86
		DLL Debug|x64 = DLL Debug|x64
		DLL Debug|x86 = DLL Debug|x86
		DLL Release|x64 = DLL Release|x64
		DLL Release|x86 = DLL Release|x86
		DLL VB|x64 = DLL VB|x64
		DLL VB|x86 = DLL VB|x86
		LIB Debug|x64 = LIB Debug|x64
		LIB Debug|x86 = LIB Debug|x86
		LIB Release|x64 = LIB Release|x64
		LIB Release|x86 = LIB Release|x86
		Release|x64 = Release|x64
		Release|x86 = Release|x86
	EndGlobalSection
	GlobalSection(ProjectConfigurationPlatforms) = postSolution
		{1E5DF145-81CC-41D1-BCBB-E57FEAB9ED8F}.Debug|x64.ActiveCfg = Debug|x64
		{1E5DF145-81CC-41D1-BCBB-E57FEAB9ED8F}.Debug|x64.Build.0 = Debug|x64
		{1E5DF145-81CC-41D1-BCBB-E57FEAB9ED8F}.Debug|x86.ActiveCfg = Debug|Win32
		{1E5DF145-81CC-41D1-BCBB-E57FEAB9ED8F}.Debug|x86.Build.0 = Debug|Win32
		{1E5DF145-81CC-41D1-BCBB-E57FEAB9ED8F}.DLL Debug|x64.ActiveCfg = Debug|x64
		{1E5DF145-81CC-41D1-BCBB-E57FEAB9ED8F}.DLL Debug|x64.Build.0 = Debug|x64
		{1E5DF145-81CC-41D1-BCBB-E57FEAB9ED8F}.DLL Debug|x86.ActiveCfg = Debug|Win32
		{1E5DF145-81CC-41D1-BCBB-E57FEAB9ED8F}.DLL Debug|x86.Build.0 = Debug|Win32
		{1E5DF145-81CC-41D1-BCBB-E57FEAB9ED8F}.DLL Release|x64.ActiveCfg = Release|x64
		{1E5DF145-81CC-41D1-BCBB-E57FEAB9ED8F}.DLL Release|x64.Build.0 = Release|x64
		{1E5DF145-81CC-41D1-BCBB-E57FEAB9ED8F}.DLL Release|x86.ActiveCfg = Release|Win32
		{1E5DF145-81CC-41D1-BCBB-E57FEAB9ED8F}.DLL Release|x86.Build.0 = Release|Win32
		{1E5DF145-81CC-41D1-BCBB-E57FEAB9ED8F}.DLL VB|x64.ActiveCfg = Debug|x64
		{1E5DF145-81CC-41D1-BCBB-E57FEAB9ED8F}.DLL VB|x64.Build.0 = Debug|x64
		{1E5DF145-81CC-41D1-BCBB-E57FEAB9ED8F}.DLL VB|x86.ActiveCfg = Debug|Win32
		{1E5DF145-81CC-41D1-BCBB-E57FEAB9ED8F}.DLL VB|x86.Build.0 = Debug|Win32
		{1E5DF145-81CC-41D1-BCBB-E57FEAB9ED8F}.LIB Debug|x64.ActiveCfg = Debug|x64
		{1E5DF145-81CC-41D1-BCBB-E57FEAB9ED8F}.LIB Debug|x64.Build.0 = Debug|x64
		{1E5DF145-81CC-41D1-BCBB-E57FEAB9ED8F}.LIB Debug|x86.ActiveCfg = Debug|Win32
		{1E5DF145-81CC-41D1-BCBB-E57FEAB9ED8F}.LIB Debug|x86.Build.0 = Debug|Win32
		{1E5DF145-81CC-41D1-BCBB-E57FEAB9ED8F}.LIB Release|x64.ActiveCfg = Release|x64
		{1E5DF145-81CC-41D1-BCBB-E57FEAB9ED8F}.LIB Release|x64.Build.0 = Release|x64
		{1E5DF145-81CC-41D1-BCBB-E57FEAB9ED8F}.LIB Release|x86.ActiveCfg = Release|Win32
		{1E5DF145-81CC-41D1-BCBB-E57FEAB9ED8F}.LIB Release|x86.Build.0 = Release|Win32
		{1E5DF145-81CC-41D1-BCBB-E57FEAB9ED8F}.Release|x64.ActiveCfg = Release|x64
		{1E5DF145-81CC-41D1-BCBB-E57FEAB9ED8F}.Release|x64.Build.0 = Release|x64
		{1E5DF145-81CC-41D1-BCBB-E57FEAB9ED8F}.Release|x86.ActiveCfg = Release|Win32
		{1E5DF145-81CC-41D1-BCBB-E57FEAB9ED8F}.Release|x86.Build.0 = Release|Win32
		{60544CD9-4151-4149-87C2-D15CEB354561}.Debug|x64.ActiveCfg = Debug|x64
		{60544CD9-4151-4149-87C2-D15CEB354561}.Debug|x64.Build.0 = Debug|x64
		{60544CD9-4151-4149-87C2-D15CEB354561}.Debug|x86.ActiveCfg = Debug|Win32
		{60544CD9-4151-4149-87C2-D15CEB354561}.Debug|x86.Build.0 = Debug|Win32
		{60544CD9-4151-4149-87C2-D15CEB354561}.DLL Debug|x64.ActiveCfg = Debug|x64
		{60544CD9-4151-4149-87C2-D15CEB354561}.DLL Debug|x64.Build.0 = Debug|x64
		{60544CD9-4151-4149-87C2-D15CEB354561}.DLL Debug|x86.ActiveCfg = Debug|Win32
		{60544CD9-4151-4149-87C2-D15CEB354561}.DLL Debug|x86.Build.0 = Debug|Win32
		{60544CD9-4151-4149-87C2-D15CEB354561}.DLL Release|x64.ActiveCfg = Release|x64
		{60544CD9-4151-4149-87C2-D15CEB354561}.DLL Release|x64.Build.0 = Release|x64
		{60544CD9-4151-4149-87C2-D15CEB354561}.DLL Release|x86.ActiveCfg = Release|Win32
		{60544CD9-4151-4149-87C2-D15CEB354561}.DLL Release|x86.Build.0 = Release|Win32
		{60544CD9-4151-4149-87C2-D15CEB354561}.DLL VB|x64.ActiveCfg = Debug|x64
		{60544CD9-4151-4149-87C2-D15CEB354561}.DLL VB|x64.Build.0 = Debug|x64
		{60544CD9-4151-4149-87C2-D15CEB354561}.DLL VB|x86.ActiveCfg = Debug|Win32
		{60544CD9-4151-4149-87C2-D15CEB354561}.DLL VB|x86.Build.0 = Debug|Win32
		{60544CD9-4151-4149-87C2-D15CEB354561}.LIB Debug|x64.ActiveCfg = Debug|x64
		{60544CD9-4151-4149-87C2-D15CEB354561}.LIB Debug|x64.Build.0 = Debug|x64
		{60544CD9-4151-4149-87C2-D15CEB354561}.LIB Debug|x86.ActiveCfg = Debug|Win32
		{60544CD9-4151-4149-87C2-D15CEB354561}.LIB Debug|x86.Build.0 = Debug|Win32
		{60544CD9-4151-4149-87C2-D15CEB354561}.LIB Release|x64.ActiveCfg = Release|x64
		{60544CD9-4151-4149-87C2-D15CEB354561}.LIB Release|x64.Build.0 = Release|x64
		{60544CD9-4151-4149-87C2-D15CEB354561}.LIB Release|x86.ActiveCfg = Release|Win32
		{60544CD9-4151-4149-87C2-D15CEB354561}.LIB Release|x86.Build.0 = Release|Win32
		{60544CD9-4151-4149-87C2-D15CEB354561}.Release|x64.ActiveCfg = Release|x64
		{60544CD9-4151-4149-87C2-D15CEB354561}.Release|x64.Build.0 = Release|x64
		{60544CD9-4151-4149-87C2-D15CEB354561}.Release|x86.ActiveCfg = Release|Win32
		{60544CD9-4151-4149-87C2-D15CEB354561}.Release|x86.Build.0 = Release|Win32
		{A1B45E3F-2A65-4640-8462-B39C3DD70CEE}.Debug|x64.ActiveCfg = Debug|x64
		{A1B45E3F-2A65-4640-8462-B39C3DD70CEE}.Debug|x64.Build.0 = Debug|x64
		{A1B45E3F-2A65-4640-8462-B39C3DD70CEE}.Debug|x86.ActiveCfg = Debug|Win32
		{A1B45E3F-2A65-4640-8462-B39C3DD70CEE}.Debug|x86.Build.0 = Debug|Win32
		{A1B45E3F-2A65-4640-8462-B39C3DD70CEE}.DLL Debug|x64.ActiveCfg = Debug|x64
		{A1B45E3F-2A65-4640-8462-B39C3DD70CEE}.DLL Debug|x64.Build.0 = Debug|x64
		{A1B45E3F-2A65-4640-8462-B39C3DD70CEE}.DLL Debug|x86.ActiveCfg = Debug|Win32
		{A1B45E3F-2A65-4640-8462-B39C3DD70CEE}.DLL Debug|x86.Build.0 = Debug|Win32
		{A1B45E3F-2A65-4640-8462-B39C3DD70CEE}.DLL Release|x64.ActiveCfg = Release|x64
		{A1B45E3F-2A65-4640-8462-B39C3DD70CEE}.DLL Release|x64.Build.0 = Release|x64
		{A1B45E3F-2A65-4640-8462-B39C3DD70CEE}.DLL Release|x86.ActiveCfg = Release|Win32
		{A1B45E3F-2A65-4640-8462-B39C3DD70CEE}.DLL Release|x86.Build.0 = Release|Win32
		{A1B45E3F-2A65-4640-8462-B39C3DD70CEE}.DLL VB|x64.ActiveCfg = Debug|x64
		{A1B45E3F-2A65-4640-8462-B39C3DD70CEE}.DLL VB|x64.Build.0 = Debug|x64
		{A1B45E3F-2A65-4640-8462-B39C3DD70CEE}.DLL VB|x86.ActiveCfg = Debug|Win32
		{A1B45E3F-2A65-4640-8462-B39C3DD70CEE}.DLL VB|x86.Build.0 = Debug|Win32
		{A1B45E3F-2A65-4640-8462-B39C3DD70CEE}.LIB Debug|x64.ActiveCfg = Debug|x64
		{A1B45E3F-2A65-4640-8462-B39C3DD70CEE}.LIB Debug|x64.Build.0 = Debug|x64
		{A1B45E3F-2A65-4640-8462-B39C3DD70CEE}.LIB Debug|x86.ActiveCfg = Debug|Win32
		{A1B45E3F-2A65-4640-8462-B39C3DD70CEE}.LIB Debug|x86.Build.0 = Debug|Win32
		{A1B45E3F-2A65-4640-8462-B39C3DD70CEE}.LIB Release|x64.ActiveCfg = Release|x64
		{A1B45E3F-2A65-4640-8462-B39C3DD70CEE}.LIB Release|x64.Build.0 = Release|x64
		{A1B45E3F-2A65-4640-8462-B39C3DD70CEE}.LIB Release|x86.ActiveCfg = Release|Win32
		{A1B45E3F-2A65-4640-8462-B39C3DD70CEE}.LIB Release|x86.Build.0 = Release|Win32
		{A1B45E3F-2A65-4640-8462-B39C3DD70CEE}.Release|x64.ActiveCfg = Release|x64
		{A1B45E3F-2A65-4640-8462-B39C3DD70CEE}.Release|x64.Build.0 = Release|x64
		{A1B45E3F-2A65-4640-8462-B39C3DD70CEE}.Release|x86.ActiveCfg = Release|Win32
		{A1B45E3F-2A65-4640-8462-B39C3DD70CEE}.Release|x86.Build.0 = Release|Win32
		{B6388A01-293B-4238-9F74-754EAE957131}.Debug|x64.ActiveCfg = Debug|x64
		{B6388A01-293B-4238-9F74-754EAE957131}.Debug|x64.Build.0 = Debug|x64
		{B6388A01-293B-4238-9F74-754EAE957131}.Debug|x86.ActiveCfg = Debug|Win32
		{B6388A01-293B-4238-9F74-754EAE957131}.Debug|x86.Build.0 = Debug|Win32
		{B6388A01-293B-4238-9F74-754EAE957131}.DLL Debug|x64.ActiveCfg = Debug|x64
		{B6388A01-293B-4238-9F74-754EAE957131}.DLL Debug|x64.Build.0 = Debug|x64
		{B6388A01-293B-4238-9F74-754EAE957131}.DLL Debug|x86.ActiveCfg = Debug|Win32
		{B6388A01-293B-4238-9F74-754EAE957131}.DLL Debug|x86.Build.0 = Debug|Win32
		{B6388A01-293B-4238-9F74-754EAE957131}.DLL Release|x64.ActiveCfg = Release|x64
		{B6388A01-293B-4238-9F74-754EAE957131}.DLL Release|x64.Build.0 = Release|x64
		{B6388A01-293B-4238-9F74-754EAE957131}.DLL Release|x86.ActiveCfg = Release|Win32
		{B6388A01-293B-4238-9F74-754EAE957131}.DLL Release|x86.Build.0 = Release|Win32
		{B6388A01-293B-4238-9F74-754EAE957131}.DLL VB|x64.ActiveCfg = Debug|x64
		{B6388A01-293B-4238-9F74-754EAE957131}.DLL VB|x64.Build.0 = Debug|x64
		{B6388A01-293B-4238-9F74-754EAE957131}.DLL VB|x86.ActiveCfg = Debug|Win32
		{B6388A01-293B-4238-9F74-754EAE957131}.DLL VB|x86.Build.0 = Debug|Win32
		{B6388A01-293B-4238-9F74-754EAE957131}.LIB Debug|x64.ActiveCfg = Debug|x64
		{B6388A01-293B-4238-9F74-754EAE957131}.LIB Debug|x64.Build.0 = Debug|x64
		{B6388A01-293B-4238-9F74-754EAE957131}.LIB Debug|x86.ActiveCfg = Debug|Win32
		{B6388A01-293B-4238-9F74-754EAE957131}.LIB Debug|x86.Build.0 = Debug|Win32
		{B6388A01-293B-4238-9F74-754EAE957131}.LIB Release|x64.ActiveCfg = Release|x64
		{B6388A01-293B-4238-9F74-754EAE957131}.LIB Release|x64.Build.0 = Release|x64
		{B6388A01-293B-4238-9F74-754EAE957131}.LIB Release|x86.ActiveCfg = Release|Win32
		{B6388A01-293B-4238-9F74-754EAE957131}.LIB Release|x86.Build.0 = Release|Win32
		{B6388A01-293B-4238-9F74-754EAE957131}.Release|x64.ActiveCfg = Release|x64
		{B6388A01-293B-4238-9F74-754EAE957131}.Release|x64.Build.0 = Release|x64
		{B6388A01-293B-4238-9F74-754EAE957131}.Release|x86.ActiveCfg = Release|Win32
		{B6388A01-293B-4238-9F74-754EAE957131}.Release|x86.Build.0 = Release|Win32
		{69E5489B-EE15-4F5D-AF45-D71E5E751729}.Debug|x64.ActiveCfg = Debug|x64
		{69E5489B-EE15-4F5D-AF45-D71E5E751729}.Debug|x64.Build.0 = Debug|x64
		{69E5489B-EE15-4F5D-AF45-D71E5E751729}.Debug|x86.ActiveCfg = Debug|Win32
		{69E5489B-EE15-4F5D-AF45-D71E5E751729}.Debug|x86.Build.0 = Debug|Win32
		{69E5489B-EE15-4F5D-AF45-D71E5E751729}.DLL Debug|x64.ActiveCfg = Debug|x64
		{69E5489B-EE15-4F5D-AF45-D71E5E751729}.DLL Debug|x64.Build.0 = Debug|x64
		{69E5489B-EE15-4F5D-AF45-D71E5E751729}.DLL Debug|x86.ActiveCfg = Debug|Win32
		{69E5489B-EE15-4F5D-AF45-D71E5E751729}.DLL Debug|x86.Build.0 = Debug|Win32
		{69E5489B-EE15-4F5D-AF45-D71E5E751729}.DLL Release|x64.ActiveCfg = Release|x64
		{69E5489B-EE15-4F5D-AF45-D71E5E751729}.DLL Release|x64.Build.0 = Release|x64
		{69E5489B-EE15-4F5D-AF45-D71E5E751729}.DLL Release|x86.ActiveCfg = Release|Win32
		{69E5489B-EE15-4F5D-AF45-D71E5E751729}.DLL Release|x86.Build.0 = Release|Win32
		{69E5489B-EE15-4F5D-AF45-D71E5E751729}.DLL VB|x64.ActiveCfg = Debug|x64
		{69E5489B-EE15-4F5D-AF45-D71E5E751729}.DLL VB|x64.Build.0 = Debug|x64
		{69E5489B-EE15-4F5D-AF45-D71E5E751729}.DLL VB|x86.ActiveCfg = Debug|Win32
		{69E5489B-EE15-4F5D-AF45-D71E5E751729}.DLL VB|x86.Build.0 = Debug|Win32
		{69E5489B-EE15-4F5D-AF45-D71E5E751729}.LIB Debug|x64.ActiveCfg = Debug|x64
		{69E5489B-EE15-4F5D-AF45-D71E5E751729}.LIB Debug|x64.Build.0 = Debug|x64
		{69E5489B-EE15-4F5D-AF45-D71E5E751729}.LIB Debug|x86.ActiveCfg = Debug|Win32
		{69E5489B-EE15-4F5D-AF45-D71E5E751729}.LIB Debug|x86.Build.0 = Debug|Win32
		{69E5489B-EE15-4F5D-AF45-D71E5E751729}.LIB Release|x64.ActiveCfg = Release|x64
		{69E5489B-EE15-4F5D-AF45-D71E5E751729}.LIB Release|x64.Build.0 = Release|x64
		{69E5489B-EE15-4F5D-AF45-D71E5E751729}.LIB Release|x86.ActiveCfg = Release|Win32
		{69E5489B-EE15-4F5D-AF45-D71E5E751729}.LIB Release|x86.Build.0 = Release|Win32
		{69E5489B-EE15-4F5D-AF45-D71E5E751729}.Release|x64.ActiveCfg = Release|x64
		{69E5489B-EE15-4F5D-AF45-D71E5E751729}.Release|x64.Build.0 = Release|x64
		{69E5489B-EE15-4F5D-AF45-D71E5E751729}.Release|x86.ActiveCfg = Release|Win32
		{69E5489B-EE15-4F5D-AF45-D71E5E751729}.Release|x86.Build.0 = Release|Win32
		{D02E78AB-E24B-4B86-935B-90482F4D3E32}.Debug|x64.ActiveCfg = Debug|x64
		{D02E78AB-E24B-4B86-935B-90482F4D3E32}.Debug|x64.Build.0 = Debug|x64
		{D02E78AB-E24B-4B86-935B-90482F4D3E32}.Debug|x86.ActiveCfg = Debug|Win32
		{D02E78AB-E24B-4B86-935B-90482F4D3E32}.Debug|x86.Build.0 = Debug|Win32
		{D02E78AB-E24B-4B86-935B-90482F4D3E32}.DLL Debug|x64.ActiveCfg = Debug|x64
		{D02E78AB-E24B-4B86-935B-90482F4D3E32}.DLL Debug|x64.Build.0 = Debug|x64
		{D02E78AB-E24B-4B86-935B-90482F4D3E32}.DLL Debug|x86.ActiveCfg = Debug|Win32
		{D02E78AB-E24B-4B86-935B-90482F4D3E32}.DLL Debug|x86.Build.0 = Debug|Win32
		{D02E78AB-E24B-4B86-935B-90482F4D3E32}.DLL Release|x64.ActiveCfg = Release|x64
		{D02E78AB-E24B-4B86-935B-90482F4D3E32}.DLL Release|x64.Build.0 = Release|x64
		{D02E78AB-E24B-4B86-935B-90482F4D3E32}.DLL Release|x86.ActiveCfg = Release|Win32
		{D02E78AB-E24B-4B86-935B-90482F4D3E32}.DLL Release|x86.Build.0 = Release|Win32
		{D02E78AB-E24B-4B86-935B-90482F4D3E32}.DLL VB|x64.ActiveCfg = Debug|x64
		{D02E78AB-E24B-4B86-935B-90482F4D3E32}.DLL VB|x64.Build.0 = Debug|x64
		{D02E78AB-E24B-4B86-935B-90482F4D3E32}.DLL VB|x86.ActiveCfg = Debug|Win32
		{D02E78AB-E24B-4B86-935B-90482F4D3E32}.DLL VB|x86.Build.0 = Debug|Win32
		{D02E78AB-E24B-4B86-935B-90482F4D3E32}.LIB Debug|x64.ActiveCfg = Debug|x64
		{D02E78AB-E24B-4B86-935B-90482F4D3E32}.LIB Debug|x64.Build.0 = Debug|x64
		{D02E78AB-E24B-4B86-935B-90482F4D3E32}.LIB Debug|x86.ActiveCfg = Debug|Win32
		{D02E78AB-E24B-4B86-935B-90482F4D3E32}.LIB Debug|x86.Build.0 = Debug|Win32
		{D02E78AB-E24B-4B86-935B-90482F4D3E32}.LIB Release|x64.ActiveCfg = Release|x64
		{D02E78AB-E24B-4B86-935B-90482F4D3E32}.LIB Release|x64.Build.0 = Release|x64
		{D02E78AB-E24B-4B86-935B-90482F4D3E32}.LIB Release|x86.ActiveCfg = Release|Win32
		{D02E78AB-E24B-4B86-935B-90482F4D3E32}.LIB Release|x86.Build.0 = Release|Win32
		{D02E78AB-E24B-4B86-935B-90482F4D3E32}.Release|x64.ActiveCfg = Release|x64
		{D02E78AB-E24B-4B86-935B-90482F4D3E32}.Release|x64.Build.0 = Release|x64
		{D02E78AB-E24B-4B86-935B-90482F4D3E32}.Release|x86.ActiveCfg = Release|Win32
		{D02E78AB-E24B-4B86-935B-90482F4D3E32}.Release|x86.Build.0 = Release|Win32
		{7751B1FB-A60E-40D1-8104-049E5A81362A}.Debug|x64.ActiveCfg = Debug|x64
		{7751B1FB-A60E-40D1-8104-049E5A81362A}.Debug|x64.Build.0 = Debug|x64
		{7751B1FB-A60E-40D1-8104-049E5A81362A}.Debug|x86.ActiveCfg = Debug|Win32
		{7751B1FB-A60E-40D1-8104-049E5A81362A}.Debug|x86.Build.0 = Debug|Win32
		{7751B1FB-A60E-40D1-8104-049E5A81362A}.DLL Debug|x64.ActiveCfg = Debug|x64
		{7751B1FB-A60E-40D1-8104-049E5A81362A}.DLL Debug|x64.Build.0 = Debug|x64
		{7751B1FB-A60E-40D1-8104-049E5A81362A}.DLL Debug|x86.ActiveCfg = Debug|Win32
		{7751B1FB-A60E-40D1-8104-049E5A81362A}.DLL Debug|x86.Build.0 = Debug|Win32
		{7751B1FB-A60E-40D1-8104-049E5A81362A}.DLL Release|x64.ActiveCfg = Release|x64
		{7751B1FB-A60E-40D1-8104-049E5A81362A}.DLL Release|x64.Build.0 = Release|x64
		{7751B1FB-A60E-40D1-8104-049E5A81362A}.DLL Release|x86.ActiveCfg = Release|Win32
		{7751B1FB-A60E-40D1-8104-049E5A81362A}.DLL Release|x86.Build.0 = Release|Win32
		{7751B1FB-A60E-40D1-8104-049E5A81362A}.DLL VB|x64.ActiveCfg = Debug|x64
		{7751B1FB-A60E-40D1-8104-049E5A81362A}.DLL VB|x64.Build.0 = Debug|x64
		{7751B1FB-A60E-40D1-8104-049E5A81362A}.DLL VB|x86.ActiveCfg = Debug|Win32
		{7751B1FB-A60E-40D1-8104-049E5A81362A}.DLL VB|x86.Build.0 = Debug|Win32
		{7751B1FB-A60E-40D1-8104-049E5A81362A}.LIB Debug|x64.ActiveCfg = Debug|x64
		{7751B1FB-A60E-40D1-8104-049E5A81362A}.LIB Debug|x64.Build.0 = Debug|x64
		{7751B1FB-A60E-40D1-8104-049E5A81362A}.LIB Debug|x86.ActiveCfg = Debug|Win32
		{7751B1FB-A60E-40D1-8104-049E5A81362A}.LIB Debug|x86.Build.0 = Debug|Win32
		{7751B1FB-A60E-40D1-8104-049E5A81362A}.LIB Release|x64.ActiveCfg = Release|x64
		{7751B1FB-A60E-40D1-8104-049E5A81362A}.LIB Release|x64.Build.0 = Release|x64
		{7751B1FB-A60E-40D1-8104-049E5A81362A}.LIB Release|x86.ActiveCfg = Release|Win32
		{7751B1FB-A60E-40D1-8104-049E5A81362A}.LIB Release|x86.Build.0 = Release|Win32
		{7751B1FB-A60E-40D1-8104-049E5A81362A}.Release|x64.ActiveCfg = Release|x64
		{7751B1FB-A60E-40D1-8104-049E5A81362A}.Release|x64.Build.0 = Release|x64
		{7751B1FB-A60E-40D1-8104-049E5A81362A}.Release|x86.ActiveCfg = Release|Win32
		{7751B1FB-A60E-40D1-8104-049E5A81362A}.Release|x86.Build.0 = Release|Win32
		{4592F87B-2130-4F9F-801E-0AD2F9B184BA}.Debug|x64.ActiveCfg = LIB Release|Win32
		{4592F87B-2130-4F9F-801E-0AD2F9B184BA}.Debug|x64.Build.0 = LIB Release|Win32
		{4592F87B-2130-4F9F-801E-0AD2F9B184BA}.Debug|x86.ActiveCfg = LIB Debug|Win32
		{4592F87B-2130-4F9F-801E-0AD2F9B184BA}.Debug|x86.Build.0 = LIB Debug|Win32
		{4592F87B-2130-4F9F-801E-0AD2F9B184BA}.DLL Debug|x64.ActiveCfg = DLL Debug|Win32
		{4592F87B-2130-4F9F-801E-0AD2F9B184BA}.DLL Debug|x86.ActiveCfg = DLL Debug|Win32
		{4592F87B-2130-4F9F-801E-0AD2F9B184BA}.DLL Debug|x86.Build.0 = DLL Debug|Win32
		{4592F87B-2130-4F9F-801E-0AD2F9B184BA}.DLL Release|x64.ActiveCfg = DLL Release|Win32
		{4592F87B-2130-4F9F-801E-0AD2F9B184BA}.DLL Release|x86.ActiveCfg = DLL Release|Win32
		{4592F87B-2130-4F9F-801E-0AD2F9B184BA}.DLL Release|x86.Build.0 = DLL Release|Win32
		{4592F87B-2130-4F9F-801E-0AD2F9B184BA}.DLL VB|x64.ActiveCfg = DLL VB|Win32
		{4592F87B-2130-4F9F-801E-0AD2F9B184BA}.DLL VB|x86.ActiveCfg = DLL VB|Win32
		{4592F87B-2130-4F9F-801E-0AD2F9B184BA}.DLL VB|x86.Build.0 = DLL VB|Win32
		{4592F87B-2130-4F9F-801E-0AD2F9B184BA}.LIB Debug|x64.ActiveCfg = LIB Debug|Win32
		{4592F87B-2130-4F9F-801E-0AD2F9B184BA}.LIB Debug|x86.ActiveCfg = LIB Debug|Win32
		{4592F87B-2130-4F9F-801E-0AD2F9B184BA}.LIB Debug|x86.Build.0 = LIB Debug|Win32
		{4592F87B-2130-4F9F-801E-0AD2F9B184BA}.LIB Release|x64.ActiveCfg = LIB Release|Win32
		{4592F87B-2130-4F9F-801E-0AD2F9B184BA}.LIB Release|x86.ActiveCfg = LIB Release|Win32
		{4592F87B-2130-4F9F-801E-0AD2F9B184BA}.LIB Release|x86.Build.0 = LIB Release|Win32
		{4592F87B-2130-4F9F-801E-0AD2F9B184BA}.Release|x64.ActiveCfg = LIB Release|Win32
		{4592F87B-2130-4F9F-801E-0AD2F9B184BA}.Release|x64.Build.0 = LIB Release|Win32
		{4592F87B-2130-4F9F-801E-0AD2F9B184BA}.Release|x86.ActiveCfg = LIB Release|Win32
		{4592F87B-2130-4F9F-801E-0AD2F9B184BA}.Release|x86.Build.0 = LIB Release|Win32
		{66E52E89-9B7A-43DA-804C-1A738A6DE522}.Debug|x64.ActiveCfg = LIB Release|Win32
		{66E52E89-9B7A-43DA-804C-1A738A6DE522}.Debug|x64.Build.0 = LIB Release|Win32
		{66E52E89-9B7A-43DA-804C-1A738A6DE522}.Debug|x86.ActiveCfg = LIB Debug|Win32
		{66E52E89-9B7A-43DA-804C-1A738A6DE522}.Debug|x86.Build.0 = LIB Debug|Win32
		{66E52E89-9B7A-43DA-804C-1A738A6DE522}.DLL Debug|x64.ActiveCfg = DLL Debug|Win32
		{66E52E89-9B7A-43DA-804C-1A738A6DE522}.DLL Debug|x86.ActiveCfg = DLL Debug|Win32
		{66E52E89-9B7A-43DA-804C-1A738A6DE522}.DLL Debug|x86.Build.0 = DLL Debug|Win32
		{66E52E89-9B7A-43DA-804C-1A738A6DE522}.DLL Release|x64.ActiveCfg = DLL Release|Win32
		{66E52E89-9B7A-43DA-804C-1A738A6DE522}.DLL Release|x86.ActiveCfg = DLL Release|Win32
		{66E52E89-9B7A-43DA-804C-1A738A6DE522}.DLL Release|x86.Build.0 = DLL Release|Win32
		{66E52E89-9B7A-43DA-804C-1A738A6DE522}.DLL VB|x64.ActiveCfg = LIB Release|Win32
		{66E52E89-9B7A-43DA-804C-1A738A6DE522}.DLL VB|x64.Build.0 = LIB Release|Win32
		{66E52E89-9B7A-43DA-804C-1A738A6DE522}.DLL VB|x86.ActiveCfg = DLL Debug|Win32
		{66E52E89-9B7A-43DA-804C-1A738A6DE522}.DLL VB|x86.Build.0 = DLL Debug|Win32
		{66E52E89-9B7A-43DA-804C-1A738A6DE522}.LIB Debug|x64.ActiveCfg = LIB Debug|Win32
		{66E52E89-9B7A-43DA-804C-1A738A6DE522}.LIB Debug|x86.ActiveCfg = LIB Debug|Win32
		{66E52E89-9B7A-43DA-804C-1A738A6DE522}.LIB Debug|x86.Build.0 = LIB Debug|Win32
		{66E52E89-9B7A-43DA-804C-1A738A6DE522}.LIB Release|x64.ActiveCfg = LIB Release|Win32
		{66E52E89-9B7A-43DA-804C-1A738A6DE522}.LIB Release|x86.ActiveCfg = LIB Release|Win32
		{66E52E89-9B7A-43DA-804C-1A738A6DE522}.LIB Release|x86.Build.0 = LIB Release|Win32
		{66E52E89-9B7A-43DA-804C-1A738A6DE522}.Release|x64.ActiveCfg = LIB Release|Win32
		{66E52E89-9B7A-43DA-804C-1A738A6DE522}.Release|x64.Build.0 = LIB Release|Win32
		{66E52E89-9B7A-43DA-804C-1A738A6DE522}.Release|x86.ActiveCfg = LIB Release|Win32
		{66E52E89-9B7A-43DA-804C-1A738A6DE522}.Release|x86.Build.0 = LIB Release|Win32
	EndGlobalSection
	GlobalSection(SolutionProperties) = preSolution
		HideSolutionNode = FALSE
	EndGlobalSection
EndGlobal
